// !$*UTF8*$!
{
	archiveVersion = 1;
	classes = {
	};
	objectVersion = 46;
	objects = {

/* Begin PBXBuildFile section */
		F8C03BE71AB23C4000B29C9B /* main.m in Sources */ = {isa = PBXBuildFile; fileRef = F8C03BE61AB23C4000B29C9B /* main.m */; };
		F8C03BEA1AB23C4000B29C9B /* AppDelegate.m in Sources */ = {isa = PBXBuildFile; fileRef = F8C03BE91AB23C4000B29C9B /* AppDelegate.m */; };
		F8C03BED1AB23C4000B29C9B /* ViewController.m in Sources */ = {isa = PBXBuildFile; fileRef = F8C03BEC1AB23C4000B29C9B /* ViewController.m */; };
		F8C03BF01AB23C4000B29C9B /* Main.storyboard in Resources */ = {isa = PBXBuildFile; fileRef = F8C03BEE1AB23C4000B29C9B /* Main.storyboard */; };
		F8C03BF21AB23C4000B29C9B /* Images.xcassets in Resources */ = {isa = PBXBuildFile; fileRef = F8C03BF11AB23C4000B29C9B /* Images.xcassets */; };
		F8C03BF51AB23C4000B29C9B /* LaunchScreen.xib in Resources */ = {isa = PBXBuildFile; fileRef = F8C03BF31AB23C4000B29C9B /* LaunchScreen.xib */; };
		F8C03C011AB23C4000B29C9B /* zigzagTests.m in Sources */ = {isa = PBXBuildFile; fileRef = F8C03C001AB23C4000B29C9B /* zigzagTests.m */; };
		F8C03C0F1AB265ED00B29C9B /* ZigZagLineView.m in Sources */ = {isa = PBXBuildFile; fileRef = F8C03C0D1AB265ED00B29C9B /* ZigZagLineView.m */; };
/* End PBXBuildFile section */

/* Begin PBXContainerItemProxy section */
		F8C03BFB1AB23C4000B29C9B /* PBXContainerItemProxy */ = {
			isa = PBXContainerItemProxy;
			containerPortal = F8C03BD91AB23C4000B29C9B /* Project object */;
			proxyType = 1;
			remoteGlobalIDString = F8C03BE01AB23C4000B29C9B;
			remoteInfo = zigzag;
		};
/* End PBXContainerItemProxy section */

/* Begin PBXFileReference section */
		F8C03BE11AB23C4000B29C9B /* zigzag.app */ = {isa = PBXFileReference; explicitFileType = wrapper.application; includeInIndex = 0; path = zigzag.app; sourceTree = BUILT_PRODUCTS_DIR; };
		F8C03BE51AB23C4000B29C9B /* Info.plist */ = {isa = PBXFileReference; lastKnownFileType = text.plist.xml; path = Info.plist; sourceTree = "<group>"; };
		F8C03BE61AB23C4000B29C9B /* main.m */ = {isa = PBXFileReference; lastKnownFileType = sourcecode.c.objc; path = main.m; sourceTree = "<group>"; };
		F8C03BE81AB23C4000B29C9B /* AppDelegate.h */ = {isa = PBXFileReference; lastKnownFileType = sourcecode.c.h; path = AppDelegate.h; sourceTree = "<group>"; };
		F8C03BE91AB23C4000B29C9B /* AppDelegate.m */ = {isa = PBXFileReference; lastKnownFileType = sourcecode.c.objc; path = AppDelegate.m; sourceTree = "<group>"; };
		F8C03BEB1AB23C4000B29C9B /* ViewController.h */ = {isa = PBXFileReference; lastKnownFileType = sourcecode.c.h; path = ViewController.h; sourceTree = "<group>"; };
		F8C03BEC1AB23C4000B29C9B /* ViewController.m */ = {isa = PBXFileReference; lastKnownFileType = sourcecode.c.objc; path = ViewController.m; sourceTree = "<group>"; };
		F8C03BEF1AB23C4000B29C9B /* Base */ = {isa = PBXFileReference; lastKnownFileType = file.storyboard; name = Base; path = Base.lproj/Main.storyboard; sourceTree = "<group>"; };
		F8C03BF11AB23C4000B29C9B /* Images.xcassets */ = {isa = PBXFileReference; lastKnownFileType = folder.assetcatalog; path = Images.xcassets; sourceTree = "<group>"; };
		F8C03BF41AB23C4000B29C9B /* Base */ = {isa = PBXFileReference; lastKnownFileType = file.xib; name = Base; path = Base.lproj/LaunchScreen.xib; sourceTree = "<group>"; };
		F8C03BFA1AB23C4000B29C9B /* zigzagTests.xctest */ = {isa = PBXFileReference; explicitFileType = wrapper.cfbundle; includeInIndex = 0; path = zigzagTests.xctest; sourceTree = BUILT_PRODUCTS_DIR; };
		F8C03BFF1AB23C4000B29C9B /* Info.plist */ = {isa = PBXFileReference; lastKnownFileType = text.plist.xml; path = Info.plist; sourceTree = "<group>"; };
		F8C03C001AB23C4000B29C9B /* zigzagTests.m */ = {isa = PBXFileReference; lastKnownFileType = sourcecode.c.objc; path = zigzagTests.m; sourceTree = "<group>"; };
		F8C03C0D1AB265ED00B29C9B /* ZigZagLineView.m */ = {isa = PBXFileReference; fileEncoding = 4; lastKnownFileType = sourcecode.c.objc; path = ZigZagLineView.m; sourceTree = "<group>"; };
		F8C03C0E1AB265ED00B29C9B /* ZigZagLineView.h */ = {isa = PBXFileReference; fileEncoding = 4; lastKnownFileType = sourcecode.c.h; path = ZigZagLineView.h; sourceTree = "<group>"; };
/* End PBXFileReference section */

/* Begin PBXFrameworksBuildPhase section */
		F8C03BDE1AB23C4000B29C9B /* Frameworks */ = {
			isa = PBXFrameworksBuildPhase;
			buildActionMask = 2147483647;
			files = (
			);
			runOnlyForDeploymentPostprocessing = 0;
		};
		F8C03BF71AB23C4000B29C9B /* Frameworks */ = {
			isa = PBXFrameworksBuildPhase;
			buildActionMask = 2147483647;
			files = (
			);
			runOnlyForDeploymentPostprocessing = 0;
		};
/* End PBXFrameworksBuildPhase section */

/* Begin PBXGroup section */
		F8C03BD81AB23C4000B29C9B = {
			isa = PBXGroup;
			children = (
				F8C03BE31AB23C4000B29C9B /* zigzag */,
				F8C03BFD1AB23C4000B29C9B /* zigzagTests */,
				F8C03BE21AB23C4000B29C9B /* Products */,
			);
			sourceTree = "<group>";
		};
		F8C03BE21AB23C4000B29C9B /* Products */ = {
			isa = PBXGroup;
			children = (
				F8C03BE11AB23C4000B29C9B /* zigzag.app */,
				F8C03BFA1AB23C4000B29C9B /* zigzagTests.xctest */,
			);
			name = Products;
			sourceTree = "<group>";
		};
		F8C03BE31AB23C4000B29C9B /* zigzag */ = {
			isa = PBXGroup;
			children = (
				F8C03C0D1AB265ED00B29C9B /* ZigZagLineView.m */,
				F8C03C0E1AB265ED00B29C9B /* ZigZagLineView.h */,
				F8C03BE81AB23C4000B29C9B /* AppDelegate.h */,
				F8C03BE91AB23C4000B29C9B /* AppDelegate.m */,
				F8C03BEB1AB23C4000B29C9B /* ViewController.h */,
				F8C03BEC1AB23C4000B29C9B /* ViewController.m */,
				F8C03BEE1AB23C4000B29C9B /* Main.storyboard */,
				F8C03BF11AB23C4000B29C9B /* Images.xcassets */,
				F8C03BF31AB23C4000B29C9B /* LaunchScreen.xib */,
				F8C03BE41AB23C4000B29C9B /* Supporting Files */,
			);
			path = zigzag;
			sourceTree = "<group>";
		};
		F8C03BE41AB23C4000B29C9B /* Supporting Files */ = {
			isa = PBXGroup;
			children = (
				F8C03BE51AB23C4000B29C9B /* Info.plist */,
				F8C03BE61AB23C4000B29C9B /* main.m */,
			);
			name = "Supporting Files";
			sourceTree = "<group>";
		};
		F8C03BFD1AB23C4000B29C9B /* zigzagTests */ = {
			isa = PBXGroup;
			children = (
				F8C03C001AB23C4000B29C9B /* zigzagTests.m */,
				F8C03BFE1AB23C4000B29C9B /* Supporting Files */,
			);
			path = zigzagTests;
			sourceTree = "<group>";
		};
		F8C03BFE1AB23C4000B29C9B /* Supporting Files */ = {
			isa = PBXGroup;
			children = (
				F8C03BFF1AB23C4000B29C9B /* Info.plist */,
			);
			name = "Supporting Files";
			sourceTree = "<group>";
		};
/* End PBXGroup section */

/* Begin PBXNativeTarget section */
		F8C03BE01AB23C4000B29C9B /* zigzag */ = {
			isa = PBXNativeTarget;
			buildConfigurationList = F8C03C041AB23C4000B29C9B /* Build configuration list for PBXNativeTarget "zigzag" */;
			buildPhases = (
				F8C03BDD1AB23C4000B29C9B /* Sources */,
				F8C03BDE1AB23C4000B29C9B /* Frameworks */,
				F8C03BDF1AB23C4000B29C9B /* Resources */,
			);
			buildRules = (
			);
			dependencies = (
			);
			name = zigzag;
			productName = zigzag;
			productReference = F8C03BE11AB23C4000B29C9B /* zigzag.app */;
			productType = "com.apple.product-type.application";
		};
		F8C03BF91AB23C4000B29C9B /* zigzagTests */ = {
			isa = PBXNativeTarget;
			buildConfigurationList = F8C03C071AB23C4000B29C9B /* Build configuration list for PBXNativeTarget "zigzagTests" */;
			buildPhases = (
				F8C03BF61AB23C4000B29C9B /* Sources */,
				F8C03BF71AB23C4000B29C9B /* Frameworks */,
				F8C03BF81AB23C4000B29C9B /* Resources */,
			);
			buildRules = (
			);
			dependencies = (
				F8C03BFC1AB23C4000B29C9B /* PBXTargetDependency */,
			);
			name = zigzagTests;
			productName = zigzagTests;
			productReference = F8C03BFA1AB23C4000B29C9B /* zigzagTests.xctest */;
			productType = "com.apple.product-type.bundle.unit-test";
		};
/* End PBXNativeTarget section */

/* Begin PBXProject section */
		F8C03BD91AB23C4000B29C9B /* Project object */ = {
			isa = PBXProject;
			attributes = {
				LastUpgradeCheck = 0610;
				ORGANIZATIONNAME = SystematicBytes;
				TargetAttributes = {
					F8C03BE01AB23C4000B29C9B = {
						CreatedOnToolsVersion = 6.1.1;
					};
					F8C03BF91AB23C4000B29C9B = {
						CreatedOnToolsVersion = 6.1.1;
						TestTargetID = F8C03BE01AB23C4000B29C9B;
					};
				};
			};
			buildConfigurationList = F8C03BDC1AB23C4000B29C9B /* Build configuration list for PBXProject "zigzag" */;
			compatibilityVersion = "Xcode 3.2";
			developmentRegion = English;
			hasScannedForEncodings = 0;
			knownRegions = (
				en,
				Base,
			);
			mainGroup = F8C03BD81AB23C4000B29C9B;
			productRefGroup = F8C03BE21AB23C4000B29C9B /* Products */;
			projectDirPath = "";
			projectRoot = "";
			targets = (
				F8C03BE01AB23C4000B29C9B /* zigzag */,
				F8C03BF91AB23C4000B29C9B /* zigzagTests */,
			);
		};
/* End PBXProject section */

/* Begin PBXResourcesBuildPhase section */
		F8C03BDF1AB23C4000B29C9B /* Resources */ = {
			isa = PBXResourcesBuildPhase;
			buildActionMask = 2147483647;
			files = (
				F8C03BF01AB23C4000B29C9B /* Main.storyboard in Resources */,
				F8C03BF51AB23C4000B29C9B /* LaunchScreen.xib in Resources */,
				F8C03BF21AB23C4000B29C9B /* Images.xcassets in Resources */,
			);
			runOnlyForDeploymentPostprocessing = 0;
		};
		F8C03BF81AB23C4000B29C9B /* Resources */ = {
			isa = PBXResourcesBuildPhase;
			buildActionMask = 2147483647;
			files = (
			);
			runOnlyForDeploymentPostprocessing = 0;
		};
/* End PBXResourcesBuildPhase section */

/* Begin PBXSourcesBuildPhase section */
		F8C03BDD1AB23C4000B29C9B /* Sources */ = {
			isa = PBXSourcesBuildPhase;
			buildActionMask = 2147483647;
			files = (
				F8C03BED1AB23C4000B29C9B /* ViewController.m in Sources */,
				F8C03BEA1AB23C4000B29C9B /* AppDelegate.m in Sources */,
				F8C03C0F1AB265ED00B29C9B /* ZigZagLineView.m in Sources */,
				F8C03BE71AB23C4000B29C9B /* main.m in Sources */,
			);
			runOnlyForDeploymentPostprocessing = 0;
		};
		F8C03BF61AB23C4000B29C9B /* Sources */ = {
			isa = PBXSourcesBuildPhase;
			buildActionMask = 2147483647;
			files = (
				F8C03C011AB23C4000B29C9B /* zigzagTests.m in Sources */,
			);
			runOnlyForDeploymentPostprocessing = 0;
		};
/* End PBXSourcesBuildPhase section */

/* Begin PBXTargetDependency section */
		F8C03BFC1AB23C4000B29C9B /* PBXTargetDependency */ = {
			isa = PBXTargetDependency;
			target = F8C03BE01AB23C4000B29C9B /* zigzag */;
			targetProxy = F8C03BFB1AB23C4000B29C9B /* PBXContainerItemProxy */;
		};
/* End PBXTargetDependency section */

/* Begin PBXVariantGroup section */
		F8C03BEE1AB23C4000B29C9B /* Main.storyboard */ = {
			isa = PBXVariantGroup;
			children = (
				F8C03BEF1AB23C4000B29C9B /* Base */,
			);
			name = Main.storyboard;
			sourceTree = "<group>";
		};
		F8C03BF31AB23C4000B29C9B /* LaunchScreen.xib */ = {
			isa = PBXVariantGroup;
			children = (
				F8C03BF41AB23C4000B29C9B /* Base */,
			);
			name = LaunchScreen.xib;
			sourceTree = "<group>";
		};
/* End PBXVariantGroup section */

/* Begin XCBuildConfiguration section */
		F8C03C021AB23C4000B29C9B /* Debug */ = {
			isa = XCBuildConfiguration;
			buildSettings = {
				ALWAYS_SEARCH_USER_PATHS = NO;
				CLANG_CXX_LANGUAGE_STANDARD = "gnu++0x";
				CLANG_CXX_LIBRARY = "libc++";
				CLANG_ENABLE_MODULES = YES;
				CLANG_ENABLE_OBJC_ARC = YES;
				CLANG_WARN_BOOL_CONVERSION = YES;
				CLANG_WARN_CONSTANT_CONVERSION = YES;
				CLANG_WARN_DIRECT_OBJC_ISA_USAGE = YES_ERROR;
				CLANG_WARN_EMPTY_BODY = YES;
				CLANG_WARN_ENUM_CONVERSION = YES;
				CLANG_WARN_INT_CONVERSION = YES;
				CLANG_WARN_OBJC_ROOT_CLASS = YES_ERROR;
				CLANG_WARN_UNREACHABLE_CODE = YES;
				CLANG_WARN__DUPLICATE_METHOD_MATCH = YES;
				"CODE_SIGN_IDENTITY[sdk=iphoneos*]" = "iPhone Developer";
				COPY_PHASE_STRIP = NO;
				ENABLE_STRICT_OBJC_MSGSEND = YES;
				GCC_C_LANGUAGE_STANDARD = gnu99;
				GCC_DYNAMIC_NO_PIC = NO;
				GCC_OPTIMIZATION_LEVEL = 0;
				GCC_PREPROCESSOR_DEFINITIONS = (
					"DEBUG=1",
					"$(inherited)",
				);
				GCC_SYMBOLS_PRIVATE_EXTERN = NO;
				GCC_WARN_64_TO_32_BIT_CONVERSION = YES;
				GCC_WARN_ABOUT_RETURN_TYPE = YES_ERROR;
				GCC_WARN_UNDECLARED_SELECTOR = YES;
				GCC_WARN_UNINITIALIZED_AUTOS = YES_AGGRESSIVE;
				GCC_WARN_UNUSED_FUNCTION = YES;
				GCC_WARN_UNUSED_VARIABLE = YES;
				IPHONEOS_DEPLOYMENT_TARGET = 8.1;
				MTL_ENABLE_DEBUG_INFO = YES;
				ONLY_ACTIVE_ARCH = YES;
				SDKROOT = iphoneos;
				TARGETED_DEVICE_FAMILY = "1,2";
			};
			name = Debug;
		};
		F8C03C031AB23C4000B29C9B /* Release */ = {
			isa = XCBuildConfiguration;
			buildSettings = {
				ALWAYS_SEARCH_USER_PATHS = NO;
				CLANG_CXX_LANGUAGE_STANDARD = "gnu++0x";
				CLANG_CXX_LIBRARY = "libc++";
				CLANG_ENABLE_MODULES = YES;
				CLANG_ENABLE_OBJC_ARC = YES;
				CLANG_WARN_BOOL_CONVERSION = YES;
				CLANG_WARN_CONSTANT_CONVERSION = YES;
				CLANG_WARN_DIRECT_OBJC_ISA_USAGE = YES_ERROR;
				CLANG_WARN_EMPTY_BODY = YES;
				CLANG_WARN_ENUM_CONVERSION = YES;
				CLANG_WARN_INT_CONVERSION = YES;
				CLANG_WARN_OBJC_ROOT_CLASS = YES_ERROR;
				CLANG_WARN_UNREACHABLE_CODE = YES;
				CLANG_WARN__DUPLICATE_METHOD_MATCH = YES;
				"CODE_SIGN_IDENTITY[sdk=iphoneos*]" = "iPhone Developer";
				COPY_PHASE_STRIP = YES;
				ENABLE_NS_ASSERTIONS = NO;
				ENABLE_STRICT_OBJC_MSGSEND = YES;
				GCC_C_LANGUAGE_STANDARD = gnu99;
				GCC_WARN_64_TO_32_BIT_CONVERSION = YES;
				GCC_WARN_ABOUT_RETURN_TYPE = YES_ERROR;
				GCC_WARN_UNDECLARED_SELECTOR = YES;
				GCC_WARN_UNINITIALIZED_AUTOS = YES_AGGRESSIVE;
				GCC_WARN_UNUSED_FUNCTION = YES;
				GCC_WARN_UNUSED_VARIABLE = YES;
				IPHONEOS_DEPLOYMENT_TARGET = 8.1;
				MTL_ENABLE_DEBUG_INFO = NO;
				SDKROOT = iphoneos;
				TARGETED_DEVICE_FAMILY = "1,2";
				VALIDATE_PRODUCT = YES;
			};
			name = Release;
		};
		F8C03C051AB23C4000B29C9B /* Debug */ = {
			isa = XCBuildConfiguration;
			buildSettings = {
				ASSETCATALOG_COMPILER_APPICON_NAME = AppIcon;
				INFOPLIST_FILE = zigzag/Info.plist;
				LD_RUNPATH_SEARCH_PATHS = "$(inherited) @executable_path/Frameworks";
				PRODUCT_NAME = "$(TARGET_NAME)";
			};
			name = Debug;
		};
		F8C03C061AB23C4000B29C9B /* Release */ = {
			isa = XCBuildConfiguration;
			buildSettings = {
				ASSETCATALOG_COMPILER_APPICON_NAME = AppIcon;
				INFOPLIST_FILE = zigzag/Info.plist;
				LD_RUNPATH_SEARCH_PATHS = "$(inherited) @executable_path/Frameworks";
				PRODUCT_NAME = "$(TARGET_NAME)";
			};
			name = Release;
		};
		F8C03C081AB23C4000B29C9B /* Debug */ = {
			isa = XCBuildConfiguration;
			buildSettings = {
				BUNDLE_LOADER = "$(TEST_HOST)";
				FRAMEWORK_SEARCH_PATHS = (
					"$(SDKROOT)/Developer/Library/Frameworks",
					"$(inherited)",
				);
				GCC_PREPROCESSOR_DEFINITIONS = (
					"DEBUG=1",
					"$(inherited)",
				);
				INFOPLIST_FILE = zigzagTests/Info.plist;
				LD_RUNPATH_SEARCH_PATHS = "$(inherited) @executable_path/Frameworks @loader_path/Frameworks";
				PRODUCT_NAME = "$(TARGET_NAME)";
				TEST_HOST = "$(BUILT_PRODUCTS_DIR)/zigzag.app/zigzag";
			};
			name = Debug;
		};
		F8C03C091AB23C4000B29C9B /* Release */ = {
			isa = XCBuildConfiguration;
			buildSettings = {
				BUNDLE_LOADER = "$(TEST_HOST)";
				FRAMEWORK_SEARCH_PATHS = (
					"$(SDKROOT)/Developer/Library/Frameworks",
					"$(inherited)",
				);
				INFOPLIST_FILE = zigzagTests/Info.plist;
				LD_RUNPATH_SEARCH_PATHS = "$(inherited) @executable_path/Frameworks @loader_path/Frameworks";
				PRODUCT_NAME = "$(TARGET_NAME)";
				TEST_HOST = "$(BUILT_PRODUCTS_DIR)/zigzag.app/zigzag";
			};
			name = Release;
		};
/* End XCBuildConfiguration section */

/* Begin XCConfigurationList section */
		F8C03BDC1AB23C4000B29C9B /* Build configuration list for PBXProject "zigzag" */ = {
			isa = XCConfigurationList;
			buildConfigurations = (
				F8C03C021AB23C4000B29C9B /* Debug */,
				F8C03C031AB23C4000B29C9B /* Release */,
			);
			defaultConfigurationIsVisible = 0;
			defaultConfigurationName = Release;
		};
		F8C03C041AB23C4000B29C9B /* Build configuration list for PBXNativeTarget "zigzag" */ = {
			isa = XCConfigurationList;
			buildConfigurations = (
				F8C03C051AB23C4000B29C9B /* Debug */,
				F8C03C061AB23C4000B29C9B /* Release */,
			);
			defaultConfigurationIsVisible = 0;
			defaultConfigurationName = Release;
		};
		F8C03C071AB23C4000B29C9B /* Build configuration list for PBXNativeTarget "zigzagTests" */ = {
			isa = XCConfigurationList;
			buildConfigurations = (
				F8C03C081AB23C4000B29C9B /* Debug */,
				F8C03C091AB23C4000B29C9B /* Release */,
			);
			defaultConfigurationIsVisible = 0;
			defaultConfigurationName = Release;
		};
/* End XCConfigurationList section */
	};
	rootObject = F8C03BD91AB23C4000B29C9B /* Project object */;
}
